
Microsoft Visual Studio Solution File, Format Version 12.00
# Visual Studio Version 17
VisualStudioVersion = 17.13.35806.99 d17.13
MinimumVisualStudioVersion = 10.0.40219.1
Project("{FAE04EC0-301F-11D3-BF4B-00C04F79EFBC}") = "PakrutiApp", "PakrutiApp.csproj", "{1FF5C758-71E9-462B-90BC-CCB0B72E8FE9}"
EndProject
Global
	GlobalSection(SolutionConfigurationPlatforms) = preSolution
		Debug|Any CPU = Debug|Any CPU
		Release|Any CPU = Release|Any CPU
	EndGlobalSection
	GlobalSection(ProjectConfigurationPlatforms) = postSolution
		{1FF5C758-71E9-462B-90BC-CCB0B72E8FE9}.Debug|Any CPU.ActiveCfg = Debug|Any CPU
		{1FF5C758-71E9-462B-90BC-CCB0B72E8FE9}.Debug|Any CPU.Build.0 = Debug|Any CPU
		{1FF5C758-71E9-462B-90BC-CCB0B72E8FE9}.Release|Any CPU.ActiveCfg = Release|Any CPU
		{1FF5C758-71E9-462B-90BC-CCB0B72E8FE9}.Release|Any CPU.Build.0 = Release|Any CPU
	EndGlobalSection
	GlobalSection(SolutionProperties) = preSolution
		HideSolutionNode = FALSE
	EndGlobalSection
	GlobalSection(ExtensibilityGlobals) = postSolution
		SolutionGuid = {C5CD3368-E963-4E2B-8543-2EFAA6E81E1A}
	EndGlobalSection
EndGlobal
